
Microsoft Visual Studio Solution File, Format Version 12.00
# Visual Studio 15
VisualStudioVersion = 15.0.28307.438
MinimumVisualStudioVersion = 10.0.40219.1
Project("{FAE04EC0-301F-11D3-BF4B-00C04F79EFBC}") = "VyBillettWebApp", "VyBillettWebApp.csproj", "{B161E2BE-54B2-40D8-AF3A-D7F51D537FDA}"
EndProject
Project("{FAE04EC0-301F-11D3-BF4B-00C04F79EFBC}") = "VyBillettWebApp.UnitTests", "..\VyBillettWebApp.UnitTests\VyBillettWebApp.UnitTests.csproj", "{50E39C3F-4EE7-4E18-A064-3B1C556F7905}"
EndProject
Project("{FAE04EC0-301F-11D3-BF4B-00C04F79EFBC}") = "DAL", "..\DAL\DAL.csproj", "{9597827E-3DB7-476C-BC1D-37C63DBFF1F1}"
EndProject
Project("{FAE04EC0-301F-11D3-BF4B-00C04F79EFBC}") = "BLL", "..\BLL\BLL.csproj", "{D3D76129-CD68-4F17-BE7F-CF1AE0738D1B}"
EndProject
Project("{FAE04EC0-301F-11D3-BF4B-00C04F79EFBC}") = "Model", "Model\Model.csproj", "{035F05C7-9A4A-4459-91F9-FFDD3081AA89}"
EndProject
Global
	GlobalSection(SolutionConfigurationPlatforms) = preSolution
		Debug|Any CPU = Debug|Any CPU
		Release|Any CPU = Release|Any CPU
	EndGlobalSection
	GlobalSection(ProjectConfigurationPlatforms) = postSolution
		{B161E2BE-54B2-40D8-AF3A-D7F51D537FDA}.Debug|Any CPU.ActiveCfg = Debug|Any CPU
		{B161E2BE-54B2-40D8-AF3A-D7F51D537FDA}.Debug|Any CPU.Build.0 = Debug|Any CPU
		{B161E2BE-54B2-40D8-AF3A-D7F51D537FDA}.Release|Any CPU.ActiveCfg = Release|Any CPU
		{B161E2BE-54B2-40D8-AF3A-D7F51D537FDA}.Release|Any CPU.Build.0 = Release|Any CPU
		{50E39C3F-4EE7-4E18-A064-3B1C556F7905}.Debug|Any CPU.ActiveCfg = Debug|Any CPU
		{50E39C3F-4EE7-4E18-A064-3B1C556F7905}.Debug|Any CPU.Build.0 = Debug|Any CPU
		{50E39C3F-4EE7-4E18-A064-3B1C556F7905}.Release|Any CPU.ActiveCfg = Release|Any CPU
		{50E39C3F-4EE7-4E18-A064-3B1C556F7905}.Release|Any CPU.Build.0 = Release|Any CPU
		{9597827E-3DB7-476C-BC1D-37C63DBFF1F1}.Debug|Any CPU.ActiveCfg = Debug|Any CPU
		{9597827E-3DB7-476C-BC1D-37C63DBFF1F1}.Debug|Any CPU.Build.0 = Debug|Any CPU
		{9597827E-3DB7-476C-BC1D-37C63DBFF1F1}.Release|Any CPU.ActiveCfg = Release|Any CPU
		{9597827E-3DB7-476C-BC1D-37C63DBFF1F1}.Release|Any CPU.Build.0 = Release|Any CPU
		{D3D76129-CD68-4F17-BE7F-CF1AE0738D1B}.Debug|Any CPU.ActiveCfg = Debug|Any CPU
		{D3D76129-CD68-4F17-BE7F-CF1AE0738D1B}.Debug|Any CPU.Build.0 = Debug|Any CPU
		{D3D76129-CD68-4F17-BE7F-CF1AE0738D1B}.Release|Any CPU.ActiveCfg = Release|Any CPU
		{D3D76129-CD68-4F17-BE7F-CF1AE0738D1B}.Release|Any CPU.Build.0 = Release|Any CPU
		{035F05C7-9A4A-4459-91F9-FFDD3081AA89}.Debug|Any CPU.ActiveCfg = Debug|Any CPU
		{035F05C7-9A4A-4459-91F9-FFDD3081AA89}.Debug|Any CPU.Build.0 = Debug|Any CPU
		{035F05C7-9A4A-4459-91F9-FFDD3081AA89}.Release|Any CPU.ActiveCfg = Release|Any CPU
		{035F05C7-9A4A-4459-91F9-FFDD3081AA89}.Release|Any CPU.Build.0 = Release|Any CPU
	EndGlobalSection
	GlobalSection(SolutionProperties) = preSolution
		HideSolutionNode = FALSE
	EndGlobalSection
	GlobalSection(ExtensibilityGlobals) = postSolution
		SolutionGuid = {B1CA3FE2-820D-4E45-BDDA-6BDB61709A5B}
	EndGlobalSection
EndGlobal
