
Microsoft Visual Studio Solution File, Format Version 12.00
# Visual Studio Version 16
VisualStudioVersion = 16.0.29324.140
MinimumVisualStudioVersion = 10.0.40219.1
Project("{FAE04EC0-301F-11D3-BF4B-00C04F79EFBC}") = "VyBillettWebApp", "VyBillettWebApp.csproj", "{B161E2BE-54B2-40D8-AF3A-D7F51D537FDA}"
EndProject
Project("{FAE04EC0-301F-11D3-BF4B-00C04F79EFBC}") = "VyBillettWebApp.UnitTests", "..\VyBillettWebApp.UnitTests\VyBillettWebApp.UnitTests.csproj", "{50E39C3F-4EE7-4E18-A064-3B1C556F7905}"
EndProject
Project("{FAE04EC0-301F-11D3-BF4B-00C04F79EFBC}") = "DAL", "..\DAL\DAL.csproj", "{9597827E-3DB7-476C-BC1D-37C63DBFF1F1}"
EndProject
Project("{9A19103F-16F7-4668-BE54-9A1E7A4F7556}") = "BLL", "..\BLL\BLL.csproj", "{15F9852D-9310-4443-80C1-A1C74CE5DF80}"
EndProject
Project("{FAE04EC0-301F-11D3-BF4B-00C04F79EFBC}") = "Model", "..\Model\Model.csproj", "{5530C83C-FEA0-4C92-B0D8-0D8BA15B6F82}"
EndProject
Global
	GlobalSection(SolutionConfigurationPlatforms) = preSolution
		Debug|Any CPU = Debug|Any CPU
		Release|Any CPU = Release|Any CPU
	EndGlobalSection
	GlobalSection(ProjectConfigurationPlatforms) = postSolution
		{B161E2BE-54B2-40D8-AF3A-D7F51D537FDA}.Debug|Any CPU.ActiveCfg = Debug|Any CPU
		{B161E2BE-54B2-40D8-AF3A-D7F51D537FDA}.Debug|Any CPU.Build.0 = Debug|Any CPU
		{B161E2BE-54B2-40D8-AF3A-D7F51D537FDA}.Release|Any CPU.ActiveCfg = Release|Any CPU
		{B161E2BE-54B2-40D8-AF3A-D7F51D537FDA}.Release|Any CPU.Build.0 = Release|Any CPU
		{50E39C3F-4EE7-4E18-A064-3B1C556F7905}.Debug|Any CPU.ActiveCfg = Debug|Any CPU
		{50E39C3F-4EE7-4E18-A064-3B1C556F7905}.Debug|Any CPU.Build.0 = Debug|Any CPU
		{50E39C3F-4EE7-4E18-A064-3B1C556F7905}.Release|Any CPU.ActiveCfg = Release|Any CPU
		{50E39C3F-4EE7-4E18-A064-3B1C556F7905}.Release|Any CPU.Build.0 = Release|Any CPU
		{9597827E-3DB7-476C-BC1D-37C63DBFF1F1}.Debug|Any CPU.ActiveCfg = Debug|Any CPU
		{9597827E-3DB7-476C-BC1D-37C63DBFF1F1}.Debug|Any CPU.Build.0 = Debug|Any CPU
		{9597827E-3DB7-476C-BC1D-37C63DBFF1F1}.Release|Any CPU.ActiveCfg = Release|Any CPU
		{9597827E-3DB7-476C-BC1D-37C63DBFF1F1}.Release|Any CPU.Build.0 = Release|Any CPU
		{15F9852D-9310-4443-80C1-A1C74CE5DF80}.Debug|Any CPU.ActiveCfg = Debug|Any CPU
		{15F9852D-9310-4443-80C1-A1C74CE5DF80}.Debug|Any CPU.Build.0 = Debug|Any CPU
		{15F9852D-9310-4443-80C1-A1C74CE5DF80}.Release|Any CPU.ActiveCfg = Release|Any CPU
		{15F9852D-9310-4443-80C1-A1C74CE5DF80}.Release|Any CPU.Build.0 = Release|Any CPU
		{5530C83C-FEA0-4C92-B0D8-0D8BA15B6F82}.Debug|Any CPU.ActiveCfg = Debug|Any CPU
		{5530C83C-FEA0-4C92-B0D8-0D8BA15B6F82}.Debug|Any CPU.Build.0 = Debug|Any CPU
		{5530C83C-FEA0-4C92-B0D8-0D8BA15B6F82}.Release|Any CPU.ActiveCfg = Release|Any CPU
		{5530C83C-FEA0-4C92-B0D8-0D8BA15B6F82}.Release|Any CPU.Build.0 = Release|Any CPU
	EndGlobalSection
	GlobalSection(SolutionProperties) = preSolution
		HideSolutionNode = FALSE
	EndGlobalSection
	GlobalSection(ExtensibilityGlobals) = postSolution
		SolutionGuid = {B1CA3FE2-820D-4E45-BDDA-6BDB61709A5B}
	EndGlobalSection
EndGlobal
